
Microsoft Visual Studio Solution File, Format Version 12.00
# Visual Studio Version 17
VisualStudioVersion = 17.4.33110.190
MinimumVisualStudioVersion = 10.0.40219.1
Project("{FAE04EC0-301F-11D3-BF4B-00C04F79EFBC}") = "dijkstra's_algorithm", "dijkstra's_algorithm\dijkstra's_algorithm.csproj", "{8076F424-8E07-4E7A-9A4F-B11D237854D5}"
EndProject
Global
	GlobalSection(SolutionConfigurationPlatforms) = preSolution
		Debug|Any CPU = Debug|Any CPU
		Release|Any CPU = Release|Any CPU
	EndGlobalSection
	GlobalSection(ProjectConfigurationPlatforms) = postSolution
		{8076F424-8E07-4E7A-9A4F-B11D237854D5}.Debug|Any CPU.ActiveCfg = Debug|Any CPU
		{8076F424-8E07-4E7A-9A4F-B11D237854D5}.Debug|Any CPU.Build.0 = Debug|Any CPU
		{8076F424-8E07-4E7A-9A4F-B11D237854D5}.Release|Any CPU.ActiveCfg = Release|Any CPU
		{8076F424-8E07-4E7A-9A4F-B11D237854D5}.Release|Any CPU.Build.0 = Release|Any CPU
	EndGlobalSection
	GlobalSection(SolutionProperties) = preSolution
		HideSolutionNode = FALSE
	EndGlobalSection
	GlobalSection(ExtensibilityGlobals) = postSolution
		SolutionGuid = {8BC948E1-2EAF-4E1A-A27A-04B8ED4EAFA5}
	EndGlobalSection
EndGlobal
