
Microsoft Visual Studio Solution File, Format Version 12.00
# Visual Studio Version 17
VisualStudioVersion = 17.4.33110.190
MinimumVisualStudioVersion = 10.0.40219.1
Project("{FAE04EC0-301F-11D3-BF4B-00C04F79EFBC}") = "matrix_chain_multiplication", "matrix_chain_multiplication\matrix_chain_multiplication.csproj", "{139BB737-32A3-44B0-AE8D-05269672C58B}"
EndProject
Global
	GlobalSection(SolutionConfigurationPlatforms) = preSolution
		Debug|Any CPU = Debug|Any CPU
		Release|Any CPU = Release|Any CPU
	EndGlobalSection
	GlobalSection(ProjectConfigurationPlatforms) = postSolution
		{139BB737-32A3-44B0-AE8D-05269672C58B}.Debug|Any CPU.ActiveCfg = Debug|Any CPU
		{139BB737-32A3-44B0-AE8D-05269672C58B}.Debug|Any CPU.Build.0 = Debug|Any CPU
		{139BB737-32A3-44B0-AE8D-05269672C58B}.Release|Any CPU.ActiveCfg = Release|Any CPU
		{139BB737-32A3-44B0-AE8D-05269672C58B}.Release|Any CPU.Build.0 = Release|Any CPU
	EndGlobalSection
	GlobalSection(SolutionProperties) = preSolution
		HideSolutionNode = FALSE
	EndGlobalSection
	GlobalSection(ExtensibilityGlobals) = postSolution
		SolutionGuid = {044D6452-F26E-492F-8530-0B7617E20D0A}
	EndGlobalSection
EndGlobal
